
Microsoft Visual Studio Solution File, Format Version 12.00
# Visual Studio Version 16
VisualStudioVersion = 16.0.30717.126
MinimumVisualStudioVersion = 10.0.40219.1
Project("{FAE04EC0-301F-11D3-BF4B-00C04F79EFBC}") = "DragAndDrop", "DragAndDrop\DragAndDrop.csproj", "{47524494-6E09-4FF8-A390-D9BC772755A0}"
EndProject
Global
	GlobalSection(SolutionConfigurationPlatforms) = preSolution
		Debug|Any CPU = Debug|Any CPU
		Release|Any CPU = Release|Any CPU
	EndGlobalSection
	GlobalSection(ProjectConfigurationPlatforms) = postSolution
		{47524494-6E09-4FF8-A390-D9BC772755A0}.Debug|Any CPU.ActiveCfg = Debug|Any CPU
		{47524494-6E09-4FF8-A390-D9BC772755A0}.Debug|Any CPU.Build.0 = Debug|Any CPU
		{47524494-6E09-4FF8-A390-D9BC772755A0}.Release|Any CPU.ActiveCfg = Release|Any CPU
		{47524494-6E09-4FF8-A390-D9BC772755A0}.Release|Any CPU.Build.0 = Release|Any CPU
	EndGlobalSection
	GlobalSection(SolutionProperties) = preSolution
		HideSolutionNode = FALSE
	EndGlobalSection
	GlobalSection(ExtensibilityGlobals) = postSolution
		SolutionGuid = {B1BA5251-E39D-4EDF-B934-F1B477355883}
	EndGlobalSection
EndGlobal
